
Microsoft Visual Studio Solution File, Format Version 12.00
# Visual Studio 15
VisualStudioVersion = 15.0.26124.0
MinimumVisualStudioVersion = 15.0.26124.0
Project("{2150E333-8FDC-42A3-9474-1A3956D46DE8}") = "src", "src", "{65B11731-2026-431F-AE46-C1EAA4B26FA7}"
EndProject
Project("{FAE04EC0-301F-11D3-BF4B-00C04F79EFBC}") = "OtakuShelter.Manga", "src\OtakuShelter.Manga\OtakuShelter.Manga.csproj", "{DB7EB429-4A90-4547-BC57-EBDE71E5C74B}"
EndProject
Project("{FAE04EC0-301F-11D3-BF4B-00C04F79EFBC}") = "OtakuShelter.Manga.Data", "src\OtakuShelter.Manga.Data\OtakuShelter.Manga.Data.csproj", "{E8758E91-A047-4F86-A887-45679736062B}"
EndProject
Project("{FAE04EC0-301F-11D3-BF4B-00C04F79EFBC}") = "OtakuShelter.Manga.Parser", "src\OtakuShelter.Manga.Parser\OtakuShelter.Manga.Parser.csproj", "{4B043038-AFD5-48D5-9C55-67D208884DF7}"
EndProject
Project("{FAE04EC0-301F-11D3-BF4B-00C04F79EFBC}") = "OtakuShelter.Manga.Web", "src\OtakuShelter.Manga.Web\OtakuShelter.Manga.Web.csproj", "{9AA115FA-A95F-4381-93BB-6B9FCE5C9068}"
EndProject
Global
	GlobalSection(SolutionConfigurationPlatforms) = preSolution
		Debug|Any CPU = Debug|Any CPU
		Debug|x64 = Debug|x64
		Debug|x86 = Debug|x86
		Release|Any CPU = Release|Any CPU
		Release|x64 = Release|x64
		Release|x86 = Release|x86
	EndGlobalSection
	GlobalSection(SolutionProperties) = preSolution
		HideSolutionNode = FALSE
	EndGlobalSection
	GlobalSection(ProjectConfigurationPlatforms) = postSolution
		{DB7EB429-4A90-4547-BC57-EBDE71E5C74B}.Debug|Any CPU.ActiveCfg = Debug|Any CPU
		{DB7EB429-4A90-4547-BC57-EBDE71E5C74B}.Debug|Any CPU.Build.0 = Debug|Any CPU
		{DB7EB429-4A90-4547-BC57-EBDE71E5C74B}.Debug|x64.ActiveCfg = Debug|Any CPU
		{DB7EB429-4A90-4547-BC57-EBDE71E5C74B}.Debug|x64.Build.0 = Debug|Any CPU
		{DB7EB429-4A90-4547-BC57-EBDE71E5C74B}.Debug|x86.ActiveCfg = Debug|Any CPU
		{DB7EB429-4A90-4547-BC57-EBDE71E5C74B}.Debug|x86.Build.0 = Debug|Any CPU
		{DB7EB429-4A90-4547-BC57-EBDE71E5C74B}.Release|Any CPU.ActiveCfg = Release|Any CPU
		{DB7EB429-4A90-4547-BC57-EBDE71E5C74B}.Release|Any CPU.Build.0 = Release|Any CPU
		{DB7EB429-4A90-4547-BC57-EBDE71E5C74B}.Release|x64.ActiveCfg = Release|Any CPU
		{DB7EB429-4A90-4547-BC57-EBDE71E5C74B}.Release|x64.Build.0 = Release|Any CPU
		{DB7EB429-4A90-4547-BC57-EBDE71E5C74B}.Release|x86.ActiveCfg = Release|Any CPU
		{DB7EB429-4A90-4547-BC57-EBDE71E5C74B}.Release|x86.Build.0 = Release|Any CPU
		{E8758E91-A047-4F86-A887-45679736062B}.Debug|Any CPU.ActiveCfg = Debug|Any CPU
		{E8758E91-A047-4F86-A887-45679736062B}.Debug|Any CPU.Build.0 = Debug|Any CPU
		{E8758E91-A047-4F86-A887-45679736062B}.Debug|x64.ActiveCfg = Debug|Any CPU
		{E8758E91-A047-4F86-A887-45679736062B}.Debug|x64.Build.0 = Debug|Any CPU
		{E8758E91-A047-4F86-A887-45679736062B}.Debug|x86.ActiveCfg = Debug|Any CPU
		{E8758E91-A047-4F86-A887-45679736062B}.Debug|x86.Build.0 = Debug|Any CPU
		{E8758E91-A047-4F86-A887-45679736062B}.Release|Any CPU.ActiveCfg = Release|Any CPU
		{E8758E91-A047-4F86-A887-45679736062B}.Release|Any CPU.Build.0 = Release|Any CPU
		{E8758E91-A047-4F86-A887-45679736062B}.Release|x64.ActiveCfg = Release|Any CPU
		{E8758E91-A047-4F86-A887-45679736062B}.Release|x64.Build.0 = Release|Any CPU
		{E8758E91-A047-4F86-A887-45679736062B}.Release|x86.ActiveCfg = Release|Any CPU
		{E8758E91-A047-4F86-A887-45679736062B}.Release|x86.Build.0 = Release|Any CPU
		{4B043038-AFD5-48D5-9C55-67D208884DF7}.Debug|Any CPU.ActiveCfg = Debug|Any CPU
		{4B043038-AFD5-48D5-9C55-67D208884DF7}.Debug|Any CPU.Build.0 = Debug|Any CPU
		{4B043038-AFD5-48D5-9C55-67D208884DF7}.Debug|x64.ActiveCfg = Debug|Any CPU
		{4B043038-AFD5-48D5-9C55-67D208884DF7}.Debug|x64.Build.0 = Debug|Any CPU
		{4B043038-AFD5-48D5-9C55-67D208884DF7}.Debug|x86.ActiveCfg = Debug|Any CPU
		{4B043038-AFD5-48D5-9C55-67D208884DF7}.Debug|x86.Build.0 = Debug|Any CPU
		{4B043038-AFD5-48D5-9C55-67D208884DF7}.Release|Any CPU.ActiveCfg = Release|Any CPU
		{4B043038-AFD5-48D5-9C55-67D208884DF7}.Release|Any CPU.Build.0 = Release|Any CPU
		{4B043038-AFD5-48D5-9C55-67D208884DF7}.Release|x64.ActiveCfg = Release|Any CPU
		{4B043038-AFD5-48D5-9C55-67D208884DF7}.Release|x64.Build.0 = Release|Any CPU
		{4B043038-AFD5-48D5-9C55-67D208884DF7}.Release|x86.ActiveCfg = Release|Any CPU
		{4B043038-AFD5-48D5-9C55-67D208884DF7}.Release|x86.Build.0 = Release|Any CPU
		{9AA115FA-A95F-4381-93BB-6B9FCE5C9068}.Debug|Any CPU.ActiveCfg = Debug|Any CPU
		{9AA115FA-A95F-4381-93BB-6B9FCE5C9068}.Debug|Any CPU.Build.0 = Debug|Any CPU
		{9AA115FA-A95F-4381-93BB-6B9FCE5C9068}.Debug|x64.ActiveCfg = Debug|Any CPU
		{9AA115FA-A95F-4381-93BB-6B9FCE5C9068}.Debug|x64.Build.0 = Debug|Any CPU
		{9AA115FA-A95F-4381-93BB-6B9FCE5C9068}.Debug|x86.ActiveCfg = Debug|Any CPU
		{9AA115FA-A95F-4381-93BB-6B9FCE5C9068}.Debug|x86.Build.0 = Debug|Any CPU
		{9AA115FA-A95F-4381-93BB-6B9FCE5C9068}.Release|Any CPU.ActiveCfg = Release|Any CPU
		{9AA115FA-A95F-4381-93BB-6B9FCE5C9068}.Release|Any CPU.Build.0 = Release|Any CPU
		{9AA115FA-A95F-4381-93BB-6B9FCE5C9068}.Release|x64.ActiveCfg = Release|Any CPU
		{9AA115FA-A95F-4381-93BB-6B9FCE5C9068}.Release|x64.Build.0 = Release|Any CPU
		{9AA115FA-A95F-4381-93BB-6B9FCE5C9068}.Release|x86.ActiveCfg = Release|Any CPU
		{9AA115FA-A95F-4381-93BB-6B9FCE5C9068}.Release|x86.Build.0 = Release|Any CPU
	EndGlobalSection
	GlobalSection(NestedProjects) = preSolution
		{DB7EB429-4A90-4547-BC57-EBDE71E5C74B} = {65B11731-2026-431F-AE46-C1EAA4B26FA7}
		{E8758E91-A047-4F86-A887-45679736062B} = {65B11731-2026-431F-AE46-C1EAA4B26FA7}
		{4B043038-AFD5-48D5-9C55-67D208884DF7} = {65B11731-2026-431F-AE46-C1EAA4B26FA7}
		{9AA115FA-A95F-4381-93BB-6B9FCE5C9068} = {65B11731-2026-431F-AE46-C1EAA4B26FA7}
	EndGlobalSection
EndGlobal
